// !$*UTF8*$!
{
	archiveVersion = 1;
	classes = {
	};
	objectVersion = 46;
	objects = {

/* Begin PBXBuildFile section */
		1D0EBB171ADB94FF000F13BB /* main.m in Sources */ = {isa = PBXBuildFile; fileRef = 1D0EBB161ADB94FF000F13BB /* main.m */; };
/* End PBXBuildFile section */

/* Begin PBXCopyFilesBuildPhase section */
		1D0EBB111ADB94FF000F13BB /* CopyFiles */ = {
			isa = PBXCopyFilesBuildPhase;
			buildActionMask = 2147483647;
			dstPath = /usr/share/man/man1/;
			dstSubfolderSpec = 0;
			files = (
			);
			runOnlyForDeploymentPostprocessing = 1;
		};
/* End PBXCopyFilesBuildPhase section */

/* Begin PBXFileReference section */
		1D0EBB131ADB94FF000F13BB /* helloxc */ = {isa = PBXFileReference; explicitFileType = "compiled.mach-o.executable"; includeInIndex = 0; path = helloxc; sourceTree = BUILT_PRODUCTS_DIR; };
		1D0EBB161ADB94FF000F13BB /* main.m */ = {isa = PBXFileReference; lastKnownFileType = sourcecode.c.objc; path = main.m; sourceTree = "<group>"; };
/* End PBXFileReference section */

/* Begin PBXFrameworksBuildPhase section */
		1D0EBB101ADB94FF000F13BB /* Frameworks */ = {
			isa = PBXFrameworksBuildPhase;
			buildActionMask = 2147483647;
			files = (
			);
			runOnlyForDeploymentPostprocessing = 0;
		};
/* End PBXFrameworksBuildPhase section */

/* Begin PBXGroup section */
		1D0EBB0A1ADB94FF000F13BB = {
			isa = PBXGroup;
			children = (
				1D0EBB151ADB94FF000F13BB /* helloxc */,
				1D0EBB141ADB94FF000F13BB /* Products */,
			);
			sourceTree = "<group>";
		};
		1D0EBB141ADB94FF000F13BB /* Products */ = {
			isa = PBXGroup;
			children = (
				1D0EBB131ADB94FF000F13BB /* helloxc */,
			);
			name = Products;
			sourceTree = "<group>";
		};
		1D0EBB151ADB94FF000F13BB /* helloxc */ = {
			isa = PBXGroup;
			children = (
				1D0EBB161ADB94FF000F13BB /* main.m */,
			);
			path = helloxc;
			sourceTree = "<group>";
		};
/* End PBXGroup section */

/* Begin PBXNativeTarget section */
		1D0EBB121ADB94FF000F13BB /* helloxc */ = {
			isa = PBXNativeTarget;
			buildConfigurationList = 1D0EBB1A1ADB94FF000F13BB /* Build configuration list for PBXNativeTarget "helloxc" */;
			buildPhases = (
				1D0EBB0F1ADB94FF000F13BB /* Sources */,
				1D0EBB101ADB94FF000F13BB /* Frameworks */,
				1D0EBB111ADB94FF000F13BB /* CopyFiles */,
			);
			buildRules = (
			);
			dependencies = (
			);
			name = helloxc;
			productName = helloxc;
			productReference = 1D0EBB131ADB94FF000F13BB /* helloxc */;
			productType = "com.apple.product-type.tool";
		};
/* End PBXNativeTarget section */

/* Begin PBXProject section */
		1D0EBB0B1ADB94FF000F13BB /* Project object */ = {
			isa = PBXProject;
			attributes = {
				LastUpgradeCheck = 0630;
				ORGANIZATIONNAME = huangyingqi;
				TargetAttributes = {
					1D0EBB121ADB94FF000F13BB = {
						CreatedOnToolsVersion = 6.3;
					};
				};
			};
			buildConfigurationList = 1D0EBB0E1ADB94FF000F13BB /* Build configuration list for PBXProject "helloxc" */;
			compatibilityVersion = "Xcode 3.2";
			developmentRegion = English;
			hasScannedForEncodings = 0;
			knownRegions = (
				en,
			);
			mainGroup = 1D0EBB0A1ADB94FF000F13BB;
			productRefGroup = 1D0EBB141ADB94FF000F13BB /* Products */;
			projectDirPath = "";
			projectRoot = "";
			targets = (
				1D0EBB121ADB94FF000F13BB /* helloxc */,
			);
		};
/* End PBXProject section */

/* Begin PBXSourcesBuildPhase section */
		1D0EBB0F1ADB94FF000F13BB /* Sources */ = {
			isa = PBXSourcesBuildPhase;
			buildActionMask = 2147483647;
			files = (
				1D0EBB171ADB94FF000F13BB /* main.m in Sources */,
			);
			runOnlyForDeploymentPostprocessing = 0;
		};
/* End PBXSourcesBuildPhase section */

/* Begin XCBuildConfiguration section */
		1D0EBB181ADB94FF000F13BB /* Debug */ = {
			isa = XCBuildConfiguration;
			buildSettings = {
				ALWAYS_SEARCH_USER_PATHS = NO;
				CLANG_CXX_LANGUAGE_STANDARD = "gnu++0x";
				CLANG_CXX_LIBRARY = "libc++";
				CLANG_ENABLE_MODULES = YES;
				CLANG_ENABLE_OBJC_ARC = YES;
				CLANG_WARN_BOOL_CONVERSION = YES;
				CLANG_WARN_CONSTANT_CONVERSION = YES;
				CLANG_WARN_DIRECT_OBJC_ISA_USAGE = YES_ERROR;
				CLANG_WARN_EMPTY_BODY = YES;
				CLANG_WARN_ENUM_CONVERSION = YES;
				CLANG_WARN_INT_CONVERSION = YES;
				CLANG_WARN_OBJC_ROOT_CLASS = YES_ERROR;
				CLANG_WARN_UNREACHABLE_CODE = YES;
				CLANG_WARN__DUPLICATE_METHOD_MATCH = YES;
				COPY_PHASE_STRIP = NO;
				DEBUG_INFORMATION_FORMAT = dwarf;
				ENABLE_STRICT_OBJC_MSGSEND = YES;
				GCC_C_LANGUAGE_STANDARD = gnu99;
				GCC_DYNAMIC_NO_PIC = NO;
				GCC_NO_COMMON_BLOCKS = YES;
				GCC_OPTIMIZATION_LEVEL = 0;
				GCC_PREPROCESSOR_DEFINITIONS = (
					"DEBUG=1",
					"$(inherited)",
				);
				GCC_SYMBOLS_PRIVATE_EXTERN = NO;
				GCC_WARN_64_TO_32_BIT_CONVERSION = YES;
				GCC_WARN_ABOUT_RETURN_TYPE = YES_ERROR;
				GCC_WARN_UNDECLARED_SELECTOR = YES;
				GCC_WARN_UNINITIALIZED_AUTOS = YES_AGGRESSIVE;
				GCC_WARN_UNUSED_FUNCTION = YES;
				GCC_WARN_UNUSED_VARIABLE = YES;
				MACOSX_DEPLOYMENT_TARGET = 10.10;
				MTL_ENABLE_DEBUG_INFO = YES;
				ONLY_ACTIVE_ARCH = YES;
				SDKROOT = macosx;
			};
			name = Debug;
		};
		1D0EBB191ADB94FF000F13BB /* Release */ = {
			isa = XCBuildConfiguration;
			buildSettings = {
				ALWAYS_SEARCH_USER_PATHS = NO;
				CLANG_CXX_LANGUAGE_STANDARD = "gnu++0x";
				CLANG_CXX_LIBRARY = "libc++";
				CLANG_ENABLE_MODULES = YES;
				CLANG_ENABLE_OBJC_ARC = YES;
				CLANG_WARN_BOOL_CONVERSION = YES;
				CLANG_WARN_CONSTANT_CONVERSION = YES;
				CLANG_WARN_DIRECT_OBJC_ISA_USAGE = YES_ERROR;
				CLANG_WARN_EMPTY_BODY = YES;
				CLANG_WARN_ENUM_CONVERSION = YES;
				CLANG_WARN_INT_CONVERSION = YES;
				CLANG_WARN_OBJC_ROOT_CLASS = YES_ERROR;
				CLANG_WARN_UNREACHABLE_CODE = YES;
				CLANG_WARN__DUPLICATE_METHOD_MATCH = YES;
				COPY_PHASE_STRIP = NO;
				DEBUG_INFORMATION_FORMAT = "dwarf-with-dsym";
				ENABLE_NS_ASSERTIONS = NO;
				ENABLE_STRICT_OBJC_MSGSEND = YES;
				GCC_C_LANGUAGE_STANDARD = gnu99;
				GCC_NO_COMMON_BLOCKS = YES;
				GCC_WARN_64_TO_32_BIT_CONVERSION = YES;
				GCC_WARN_ABOUT_RETURN_TYPE = YES_ERROR;
				GCC_WARN_UNDECLARED_SELECTOR = YES;
				GCC_WARN_UNINITIALIZED_AUTOS = YES_AGGRESSIVE;
				GCC_WARN_UNUSED_FUNCTION = YES;
				GCC_WARN_UNUSED_VARIABLE = YES;
				MACOSX_DEPLOYMENT_TARGET = 10.10;
				MTL_ENABLE_DEBUG_INFO = NO;
				SDKROOT = macosx;
			};
			name = Release;
		};
		1D0EBB1B1ADB94FF000F13BB /* Debug */ = {
			isa = XCBuildConfiguration;
			buildSettings = {
				PRODUCT_NAME = "$(TARGET_NAME)";
			};
			name = Debug;
		};
		1D0EBB1C1ADB94FF000F13BB /* Release */ = {
			isa = XCBuildConfiguration;
			buildSettings = {
				PRODUCT_NAME = "$(TARGET_NAME)";
			};
			name = Release;
		};
/* End XCBuildConfiguration section */

/* Begin XCConfigurationList section */
		1D0EBB0E1ADB94FF000F13BB /* Build configuration list for PBXProject "helloxc" */ = {
			isa = XCConfigurationList;
			buildConfigurations = (
				1D0EBB181ADB94FF000F13BB /* Debug */,
				1D0EBB191ADB94FF000F13BB /* Release */,
			);
			defaultConfigurationIsVisible = 0;
			defaultConfigurationName = Release;
		};
		1D0EBB1A1ADB94FF000F13BB /* Build configuration list for PBXNativeTarget "helloxc" */ = {
			isa = XCConfigurationList;
			buildConfigurations = (
				1D0EBB1B1ADB94FF000F13BB /* Debug */,
				1D0EBB1C1ADB94FF000F13BB /* Release */,
			);
			defaultConfigurationIsVisible = 0;
		};
/* End XCConfigurationList section */
	};
	rootObject = 1D0EBB0B1ADB94FF000F13BB /* Project object */;
}
